
Microsoft Visual Studio Solution File, Format Version 12.00
Project("{FAE04EC0-301F-11D3-BF4B-00C04F79EFBC}") = "LibraryScrapper", "LibraryScrapper\LibraryScrapper.csproj", "{6F0F4D15-82C6-4636-98B7-6CCEAE89DC45}"
EndProject
Global
	GlobalSection(SolutionConfigurationPlatforms) = preSolution
		Debug|Any CPU = Debug|Any CPU
		Release|Any CPU = Release|Any CPU
	EndGlobalSection
	GlobalSection(ProjectConfigurationPlatforms) = postSolution
		{6F0F4D15-82C6-4636-98B7-6CCEAE89DC45}.Debug|Any CPU.ActiveCfg = Debug|Any CPU
		{6F0F4D15-82C6-4636-98B7-6CCEAE89DC45}.Debug|Any CPU.Build.0 = Debug|Any CPU
		{6F0F4D15-82C6-4636-98B7-6CCEAE89DC45}.Release|Any CPU.ActiveCfg = Release|Any CPU
		{6F0F4D15-82C6-4636-98B7-6CCEAE89DC45}.Release|Any CPU.Build.0 = Release|Any CPU
	EndGlobalSection
EndGlobal
